
Microsoft Visual Studio Solution File, Format Version 12.00
# Visual Studio 15
VisualStudioVersion = 15.0.27428.2015
MinimumVisualStudioVersion = 10.0.40219.1
Project("{FAE04EC0-301F-11D3-BF4B-00C04F79EFBC}") = "WebShop", "WebShop\WebShop.csproj", "{EF249774-9FC8-4E2D-AF69-E27D5C9A262B}"
EndProject
Global
	GlobalSection(SolutionConfigurationPlatforms) = preSolution
		Debug|Any CPU = Debug|Any CPU
		Release|Any CPU = Release|Any CPU
	EndGlobalSection
	GlobalSection(ProjectConfigurationPlatforms) = postSolution
		{EF249774-9FC8-4E2D-AF69-E27D5C9A262B}.Debug|Any CPU.ActiveCfg = Debug|Any CPU
		{EF249774-9FC8-4E2D-AF69-E27D5C9A262B}.Debug|Any CPU.Build.0 = Debug|Any CPU
		{EF249774-9FC8-4E2D-AF69-E27D5C9A262B}.Release|Any CPU.ActiveCfg = Release|Any CPU
		{EF249774-9FC8-4E2D-AF69-E27D5C9A262B}.Release|Any CPU.Build.0 = Release|Any CPU
	EndGlobalSection
	GlobalSection(SolutionProperties) = preSolution
		HideSolutionNode = FALSE
	EndGlobalSection
	GlobalSection(ExtensibilityGlobals) = postSolution
		SolutionGuid = {79ECEC69-A586-4F0F-91D2-A99F9BCF462C}
	EndGlobalSection
EndGlobal
